
Microsoft Visual Studio Solution File, Format Version 11.00
# Visual Studio 2010
Project("{E24C65DC-7377-472B-9ABA-BC803B73C61A}") = "Larry", "..\..\Users\Rob Conery\Documents\My Web Sites\Larry\", "{175C017A-B42D-4C76-A514-80A8E59DB2A8}"
	ProjectSection(WebsiteProperties) = preProject
		TargetFrameworkMoniker = ".NETFramework,Version%3Dv4.0"
		Debug.AspNetCompiler.VirtualPath = "/Larry"
		Debug.AspNetCompiler.PhysicalPath = "..\..\Users\Rob Conery\Documents\My Web Sites\Larry\"
		Debug.AspNetCompiler.TargetPath = "PrecompiledWeb\Larry\"
		Debug.AspNetCompiler.Updateable = "true"
		Debug.AspNetCompiler.ForceOverwrite = "true"
		Debug.AspNetCompiler.FixedNames = "false"
		Debug.AspNetCompiler.Debug = "True"
		Release.AspNetCompiler.VirtualPath = "/Larry"
		Release.AspNetCompiler.PhysicalPath = "..\..\Users\Rob Conery\Documents\My Web Sites\Larry\"
		Release.AspNetCompiler.TargetPath = "PrecompiledWeb\Larry\"
		Release.AspNetCompiler.Updateable = "true"
		Release.AspNetCompiler.ForceOverwrite = "true"
		Release.AspNetCompiler.FixedNames = "false"
		Release.AspNetCompiler.Debug = "False"
		VWDPort = "9812"
	EndProjectSection
EndProject
Global
	GlobalSection(SolutionConfigurationPlatforms) = preSolution
		Debug|Any CPU = Debug|Any CPU
	EndGlobalSection
	GlobalSection(ProjectConfigurationPlatforms) = postSolution
		{175C017A-B42D-4C76-A514-80A8E59DB2A8}.Debug|Any CPU.ActiveCfg = Debug|Any CPU
		{175C017A-B42D-4C76-A514-80A8E59DB2A8}.Debug|Any CPU.Build.0 = Debug|Any CPU
	EndGlobalSection
	GlobalSection(SolutionProperties) = preSolution
		HideSolutionNode = FALSE
	EndGlobalSection
EndGlobal
